// !$*UTF8*$!
{
	archiveVersion = 1;
	classes = {
	};
	objectVersion = 48;
	objects = {

/* Begin PBXBuildFile section */
		BB3FFA55206B6ACC00A4DF65 /* main.cpp in Sources */ = {isa = PBXBuildFile; fileRef = BB3FFA54206B6ACC00A4DF65 /* main.cpp */; };
		BB3FFA5D206B6B8D00A4DF65 /* CarObject.cpp in Sources */ = {isa = PBXBuildFile; fileRef = BB3FFA5B206B6B8D00A4DF65 /* CarObject.cpp */; };
		BB3FFA63206B8A4C00A4DF65 /* Initializer.cpp in Sources */ = {isa = PBXBuildFile; fileRef = BB3FFA61206B8A4B00A4DF65 /* Initializer.cpp */; };
		BB78FAAB206DC5AC000932B1 /* FuzzySystemCenter.cpp in Sources */ = {isa = PBXBuildFile; fileRef = BB78FAA9206DC5AC000932B1 /* FuzzySystemCenter.cpp */; };
		BB78FAAE206E1ABA000932B1 /* Track.cpp in Sources */ = {isa = PBXBuildFile; fileRef = BB78FAAC206E1ABA000932B1 /* Track.cpp */; };
		BBE2D15E2074AF1C00524D1E /* FuzzyRulesBase.cpp in Sources */ = {isa = PBXBuildFile; fileRef = BBE2D15C2074AF1C00524D1E /* FuzzyRulesBase.cpp */; };
/* End PBXBuildFile section */

/* Begin PBXCopyFilesBuildPhase section */
		BB3FFA4F206B6ACC00A4DF65 /* CopyFiles */ = {
			isa = PBXCopyFilesBuildPhase;
			buildActionMask = 2147483647;
			dstPath = /usr/share/man/man1/;
			dstSubfolderSpec = 0;
			files = (
			);
			runOnlyForDeploymentPostprocessing = 1;
		};
/* End PBXCopyFilesBuildPhase section */

/* Begin PBXFileReference section */
		BB3FFA51206B6ACC00A4DF65 /* FuzzySystemTest */ = {isa = PBXFileReference; explicitFileType = "compiled.mach-o.executable"; includeInIndex = 0; path = FuzzySystemTest; sourceTree = BUILT_PRODUCTS_DIR; };
		BB3FFA54206B6ACC00A4DF65 /* main.cpp */ = {isa = PBXFileReference; lastKnownFileType = sourcecode.cpp.cpp; path = main.cpp; sourceTree = "<group>"; };
		BB3FFA5B206B6B8D00A4DF65 /* CarObject.cpp */ = {isa = PBXFileReference; lastKnownFileType = sourcecode.cpp.cpp; path = CarObject.cpp; sourceTree = "<group>"; };
		BB3FFA5C206B6B8D00A4DF65 /* CarObject.hpp */ = {isa = PBXFileReference; lastKnownFileType = sourcecode.cpp.h; path = CarObject.hpp; sourceTree = "<group>"; };
		BB3FFA5F206B6BCB00A4DF65 /* Angle.hpp */ = {isa = PBXFileReference; lastKnownFileType = sourcecode.cpp.h; path = Angle.hpp; sourceTree = "<group>"; };
		BB3FFA61206B8A4B00A4DF65 /* Initializer.cpp */ = {isa = PBXFileReference; lastKnownFileType = sourcecode.cpp.cpp; path = Initializer.cpp; sourceTree = "<group>"; };
		BB3FFA62206B8A4C00A4DF65 /* Initializer.hpp */ = {isa = PBXFileReference; lastKnownFileType = sourcecode.cpp.h; path = Initializer.hpp; sourceTree = "<group>"; };
		BB78FAA9206DC5AC000932B1 /* FuzzySystemCenter.cpp */ = {isa = PBXFileReference; lastKnownFileType = sourcecode.cpp.cpp; path = FuzzySystemCenter.cpp; sourceTree = "<group>"; };
		BB78FAAA206DC5AC000932B1 /* FuzzySystemCenter.hpp */ = {isa = PBXFileReference; lastKnownFileType = sourcecode.cpp.h; path = FuzzySystemCenter.hpp; sourceTree = "<group>"; };
		BB78FAAC206E1ABA000932B1 /* Track.cpp */ = {isa = PBXFileReference; lastKnownFileType = sourcecode.cpp.cpp; path = Track.cpp; sourceTree = "<group>"; };
		BB78FAAD206E1ABA000932B1 /* Track.hpp */ = {isa = PBXFileReference; lastKnownFileType = sourcecode.cpp.h; path = Track.hpp; sourceTree = "<group>"; };
		BBE28FC9207B8F110011FB63 /* Geometry.hpp */ = {isa = PBXFileReference; lastKnownFileType = sourcecode.cpp.h; path = Geometry.hpp; sourceTree = "<group>"; };
		BBE2D15C2074AF1C00524D1E /* FuzzyRulesBase.cpp */ = {isa = PBXFileReference; lastKnownFileType = sourcecode.cpp.cpp; path = FuzzyRulesBase.cpp; sourceTree = "<group>"; };
		BBE2D15D2074AF1C00524D1E /* FuzzyRulesBase.hpp */ = {isa = PBXFileReference; lastKnownFileType = sourcecode.cpp.h; path = FuzzyRulesBase.hpp; sourceTree = "<group>"; };
		BBE2D18B207B645600524D1E /* AllLibrary.hpp */ = {isa = PBXFileReference; lastKnownFileType = sourcecode.cpp.h; path = AllLibrary.hpp; sourceTree = "<group>"; };
		BBE2D18E207B68BE00524D1E /* AllConstant.hpp */ = {isa = PBXFileReference; lastKnownFileType = sourcecode.cpp.h; path = AllConstant.hpp; sourceTree = "<group>"; };
/* End PBXFileReference section */

/* Begin PBXFrameworksBuildPhase section */
		BB3FFA4E206B6ACC00A4DF65 /* Frameworks */ = {
			isa = PBXFrameworksBuildPhase;
			buildActionMask = 2147483647;
			files = (
			);
			runOnlyForDeploymentPostprocessing = 0;
		};
/* End PBXFrameworksBuildPhase section */

/* Begin PBXGroup section */
		BB3FFA48206B6ACC00A4DF65 = {
			isa = PBXGroup;
			children = (
				BB3FFA53206B6ACC00A4DF65 /* FuzzySystemTest */,
				BB3FFA52206B6ACC00A4DF65 /* Products */,
			);
			sourceTree = "<group>";
		};
		BB3FFA52206B6ACC00A4DF65 /* Products */ = {
			isa = PBXGroup;
			children = (
				BB3FFA51206B6ACC00A4DF65 /* FuzzySystemTest */,
			);
			name = Products;
			sourceTree = "<group>";
		};
		BB3FFA53206B6ACC00A4DF65 /* FuzzySystemTest */ = {
			isa = PBXGroup;
			children = (
				BB3FFA54206B6ACC00A4DF65 /* main.cpp */,
				BB3FFA61206B8A4B00A4DF65 /* Initializer.cpp */,
				BB3FFA62206B8A4C00A4DF65 /* Initializer.hpp */,
				BB78FAAC206E1ABA000932B1 /* Track.cpp */,
				BB78FAAD206E1ABA000932B1 /* Track.hpp */,
				BB78FAA9206DC5AC000932B1 /* FuzzySystemCenter.cpp */,
				BB78FAAA206DC5AC000932B1 /* FuzzySystemCenter.hpp */,
				BBE2D15C2074AF1C00524D1E /* FuzzyRulesBase.cpp */,
				BBE2D15D2074AF1C00524D1E /* FuzzyRulesBase.hpp */,
				BB3FFA5B206B6B8D00A4DF65 /* CarObject.cpp */,
				BB3FFA5C206B6B8D00A4DF65 /* CarObject.hpp */,
				BBE28FC9207B8F110011FB63 /* Geometry.hpp */,
				BBE2D18E207B68BE00524D1E /* AllConstant.hpp */,
				BBE2D18B207B645600524D1E /* AllLibrary.hpp */,
				BB3FFA5F206B6BCB00A4DF65 /* Angle.hpp */,
			);
			path = FuzzySystemTest;
			sourceTree = "<group>";
		};
/* End PBXGroup section */

/* Begin PBXNativeTarget section */
		BB3FFA50206B6ACC00A4DF65 /* FuzzySystemTest */ = {
			isa = PBXNativeTarget;
			buildConfigurationList = BB3FFA58206B6ACC00A4DF65 /* Build configuration list for PBXNativeTarget "FuzzySystemTest" */;
			buildPhases = (
				BB3FFA4D206B6ACC00A4DF65 /* Sources */,
				BB3FFA4E206B6ACC00A4DF65 /* Frameworks */,
				BB3FFA4F206B6ACC00A4DF65 /* CopyFiles */,
			);
			buildRules = (
			);
			dependencies = (
			);
			name = FuzzySystemTest;
			productName = FuzzySystemTest;
			productReference = BB3FFA51206B6ACC00A4DF65 /* FuzzySystemTest */;
			productType = "com.apple.product-type.tool";
		};
/* End PBXNativeTarget section */

/* Begin PBXProject section */
		BB3FFA49206B6ACC00A4DF65 /* Project object */ = {
			isa = PBXProject;
			attributes = {
				LastUpgradeCheck = 0930;
				ORGANIZATIONNAME = Alfred;
				TargetAttributes = {
					BB3FFA50206B6ACC00A4DF65 = {
						CreatedOnToolsVersion = 9.0.1;
						ProvisioningStyle = Automatic;
					};
				};
			};
			buildConfigurationList = BB3FFA4C206B6ACC00A4DF65 /* Build configuration list for PBXProject "FuzzySystemTest" */;
			compatibilityVersion = "Xcode 8.0";
			developmentRegion = en;
			hasScannedForEncodings = 0;
			knownRegions = (
				en,
			);
			mainGroup = BB3FFA48206B6ACC00A4DF65;
			productRefGroup = BB3FFA52206B6ACC00A4DF65 /* Products */;
			projectDirPath = "";
			projectRoot = "";
			targets = (
				BB3FFA50206B6ACC00A4DF65 /* FuzzySystemTest */,
			);
		};
/* End PBXProject section */

/* Begin PBXSourcesBuildPhase section */
		BB3FFA4D206B6ACC00A4DF65 /* Sources */ = {
			isa = PBXSourcesBuildPhase;
			buildActionMask = 2147483647;
			files = (
				BB3FFA55206B6ACC00A4DF65 /* main.cpp in Sources */,
				BB3FFA63206B8A4C00A4DF65 /* Initializer.cpp in Sources */,
				BBE2D15E2074AF1C00524D1E /* FuzzyRulesBase.cpp in Sources */,
				BB78FAAE206E1ABA000932B1 /* Track.cpp in Sources */,
				BB3FFA5D206B6B8D00A4DF65 /* CarObject.cpp in Sources */,
				BB78FAAB206DC5AC000932B1 /* FuzzySystemCenter.cpp in Sources */,
			);
			runOnlyForDeploymentPostprocessing = 0;
		};
/* End PBXSourcesBuildPhase section */

/* Begin XCBuildConfiguration section */
		BB3FFA56206B6ACC00A4DF65 /* Debug */ = {
			isa = XCBuildConfiguration;
			buildSettings = {
				ALWAYS_SEARCH_USER_PATHS = NO;
				CLANG_ANALYZER_NONNULL = YES;
				CLANG_ANALYZER_NUMBER_OBJECT_CONVERSION = YES_AGGRESSIVE;
				CLANG_CXX_LANGUAGE_STANDARD = "gnu++14";
				CLANG_CXX_LIBRARY = "libc++";
				CLANG_ENABLE_MODULES = YES;
				CLANG_ENABLE_OBJC_ARC = YES;
				CLANG_WARN_BLOCK_CAPTURE_AUTORELEASING = YES;
				CLANG_WARN_BOOL_CONVERSION = YES;
				CLANG_WARN_COMMA = YES;
				CLANG_WARN_CONSTANT_CONVERSION = YES;
				CLANG_WARN_DEPRECATED_OBJC_IMPLEMENTATIONS = YES;
				CLANG_WARN_DIRECT_OBJC_ISA_USAGE = YES_ERROR;
				CLANG_WARN_DOCUMENTATION_COMMENTS = YES;
				CLANG_WARN_EMPTY_BODY = YES;
				CLANG_WARN_ENUM_CONVERSION = YES;
				CLANG_WARN_INFINITE_RECURSION = YES;
				CLANG_WARN_INT_CONVERSION = YES;
				CLANG_WARN_NON_LITERAL_NULL_CONVERSION = YES;
				CLANG_WARN_OBJC_IMPLICIT_RETAIN_SELF = YES;
				CLANG_WARN_OBJC_LITERAL_CONVERSION = YES;
				CLANG_WARN_OBJC_ROOT_CLASS = YES_ERROR;
				CLANG_WARN_RANGE_LOOP_ANALYSIS = YES;
				CLANG_WARN_STRICT_PROTOTYPES = YES;
				CLANG_WARN_SUSPICIOUS_MOVE = YES;
				CLANG_WARN_UNGUARDED_AVAILABILITY = YES_AGGRESSIVE;
				CLANG_WARN_UNREACHABLE_CODE = YES;
				CLANG_WARN__DUPLICATE_METHOD_MATCH = YES;
				CODE_SIGN_IDENTITY = "Mac Developer";
				COPY_PHASE_STRIP = NO;
				DEBUG_INFORMATION_FORMAT = dwarf;
				ENABLE_STRICT_OBJC_MSGSEND = YES;
				ENABLE_TESTABILITY = YES;
				GCC_C_LANGUAGE_STANDARD = gnu11;
				GCC_DYNAMIC_NO_PIC = NO;
				GCC_NO_COMMON_BLOCKS = YES;
				GCC_OPTIMIZATION_LEVEL = 0;
				GCC_PREPROCESSOR_DEFINITIONS = (
					"DEBUG=1",
					"$(inherited)",
				);
				GCC_WARN_64_TO_32_BIT_CONVERSION = YES;
				GCC_WARN_ABOUT_RETURN_TYPE = YES_ERROR;
				GCC_WARN_UNDECLARED_SELECTOR = YES;
				GCC_WARN_UNINITIALIZED_AUTOS = YES_AGGRESSIVE;
				GCC_WARN_UNUSED_FUNCTION = YES;
				GCC_WARN_UNUSED_VARIABLE = YES;
				MACOSX_DEPLOYMENT_TARGET = 10.13;
				MTL_ENABLE_DEBUG_INFO = YES;
				ONLY_ACTIVE_ARCH = YES;
				SDKROOT = macosx;
			};
			name = Debug;
		};
		BB3FFA57206B6ACC00A4DF65 /* Release */ = {
			isa = XCBuildConfiguration;
			buildSettings = {
				ALWAYS_SEARCH_USER_PATHS = NO;
				CLANG_ANALYZER_NONNULL = YES;
				CLANG_ANALYZER_NUMBER_OBJECT_CONVERSION = YES_AGGRESSIVE;
				CLANG_CXX_LANGUAGE_STANDARD = "gnu++14";
				CLANG_CXX_LIBRARY = "libc++";
				CLANG_ENABLE_MODULES = YES;
				CLANG_ENABLE_OBJC_ARC = YES;
				CLANG_WARN_BLOCK_CAPTURE_AUTORELEASING = YES;
				CLANG_WARN_BOOL_CONVERSION = YES;
				CLANG_WARN_COMMA = YES;
				CLANG_WARN_CONSTANT_CONVERSION = YES;
				CLANG_WARN_DEPRECATED_OBJC_IMPLEMENTATIONS = YES;
				CLANG_WARN_DIRECT_OBJC_ISA_USAGE = YES_ERROR;
				CLANG_WARN_DOCUMENTATION_COMMENTS = YES;
				CLANG_WARN_EMPTY_BODY = YES;
				CLANG_WARN_ENUM_CONVERSION = YES;
				CLANG_WARN_INFINITE_RECURSION = YES;
				CLANG_WARN_INT_CONVERSION = YES;
				CLANG_WARN_NON_LITERAL_NULL_CONVERSION = YES;
				CLANG_WARN_OBJC_IMPLICIT_RETAIN_SELF = YES;
				CLANG_WARN_OBJC_LITERAL_CONVERSION = YES;
				CLANG_WARN_OBJC_ROOT_CLASS = YES_ERROR;
				CLANG_WARN_RANGE_LOOP_ANALYSIS = YES;
				CLANG_WARN_STRICT_PROTOTYPES = YES;
				CLANG_WARN_SUSPICIOUS_MOVE = YES;
				CLANG_WARN_UNGUARDED_AVAILABILITY = YES_AGGRESSIVE;
				CLANG_WARN_UNREACHABLE_CODE = YES;
				CLANG_WARN__DUPLICATE_METHOD_MATCH = YES;
				CODE_SIGN_IDENTITY = "Mac Developer";
				COPY_PHASE_STRIP = NO;
				DEBUG_INFORMATION_FORMAT = "dwarf-with-dsym";
				ENABLE_NS_ASSERTIONS = NO;
				ENABLE_STRICT_OBJC_MSGSEND = YES;
				GCC_C_LANGUAGE_STANDARD = gnu11;
				GCC_NO_COMMON_BLOCKS = YES;
				GCC_WARN_64_TO_32_BIT_CONVERSION = YES;
				GCC_WARN_ABOUT_RETURN_TYPE = YES_ERROR;
				GCC_WARN_UNDECLARED_SELECTOR = YES;
				GCC_WARN_UNINITIALIZED_AUTOS = YES_AGGRESSIVE;
				GCC_WARN_UNUSED_FUNCTION = YES;
				GCC_WARN_UNUSED_VARIABLE = YES;
				MACOSX_DEPLOYMENT_TARGET = 10.13;
				MTL_ENABLE_DEBUG_INFO = NO;
				SDKROOT = macosx;
			};
			name = Release;
		};
		BB3FFA59206B6ACC00A4DF65 /* Debug */ = {
			isa = XCBuildConfiguration;
			buildSettings = {
				CODE_SIGN_STYLE = Automatic;
				DEVELOPMENT_TEAM = 82QZMVGUP2;
				PRODUCT_NAME = "$(TARGET_NAME)";
			};
			name = Debug;
		};
		BB3FFA5A206B6ACC00A4DF65 /* Release */ = {
			isa = XCBuildConfiguration;
			buildSettings = {
				CODE_SIGN_STYLE = Automatic;
				DEVELOPMENT_TEAM = 82QZMVGUP2;
				PRODUCT_NAME = "$(TARGET_NAME)";
			};
			name = Release;
		};
/* End XCBuildConfiguration section */

/* Begin XCConfigurationList section */
		BB3FFA4C206B6ACC00A4DF65 /* Build configuration list for PBXProject "FuzzySystemTest" */ = {
			isa = XCConfigurationList;
			buildConfigurations = (
				BB3FFA56206B6ACC00A4DF65 /* Debug */,
				BB3FFA57206B6ACC00A4DF65 /* Release */,
			);
			defaultConfigurationIsVisible = 0;
			defaultConfigurationName = Release;
		};
		BB3FFA58206B6ACC00A4DF65 /* Build configuration list for PBXNativeTarget "FuzzySystemTest" */ = {
			isa = XCConfigurationList;
			buildConfigurations = (
				BB3FFA59206B6ACC00A4DF65 /* Debug */,
				BB3FFA5A206B6ACC00A4DF65 /* Release */,
			);
			defaultConfigurationIsVisible = 0;
			defaultConfigurationName = Release;
		};
/* End XCConfigurationList section */
	};
	rootObject = BB3FFA49206B6ACC00A4DF65 /* Project object */;
}
